
Microsoft Visual Studio Solution File, Format Version 12.00
# Visual Studio 2013
VisualStudioVersion = 12.0.30501.0
MinimumVisualStudioVersion = 10.0.40219.1
Project("{FAE04EC0-301F-11D3-BF4B-00C04F79EFBC}") = "Net.Pokeshot.JiveSdk", "Net.Pokeshot.JiveSdk\Net.Pokeshot.JiveSdk.csproj", "{FC8DA9F2-6C2D-4BD2-9623-F4B7E20C3AA2}"
EndProject
Global
	GlobalSection(TeamFoundationVersionControl) = preSolution
		SccNumberOfProjects = 2
		SccEnterpriseProvider = {4CA58AB2-18FA-4F8D-95D4-32DDF27D184C}
		SccTeamFoundationServer = https://pokeshot.visualstudio.com/defaultcollection
		SccLocalPath0 = .
		SccProjectUniqueName1 = Net.Pokeshot.JiveSdk\\Net.Pokeshot.JiveSdk.csproj
		SccProjectName1 = Net.Pokeshot.JiveSdk
		SccLocalPath1 = Net.Pokeshot.JiveSdk
	EndGlobalSection
	GlobalSection(SolutionConfigurationPlatforms) = preSolution
		Debug|Any CPU = Debug|Any CPU
		Release|Any CPU = Release|Any CPU
	EndGlobalSection
	GlobalSection(ProjectConfigurationPlatforms) = postSolution
		{FC8DA9F2-6C2D-4BD2-9623-F4B7E20C3AA2}.Debug|Any CPU.ActiveCfg = Debug|Any CPU
		{FC8DA9F2-6C2D-4BD2-9623-F4B7E20C3AA2}.Debug|Any CPU.Build.0 = Debug|Any CPU
		{FC8DA9F2-6C2D-4BD2-9623-F4B7E20C3AA2}.Release|Any CPU.ActiveCfg = Release|Any CPU
		{FC8DA9F2-6C2D-4BD2-9623-F4B7E20C3AA2}.Release|Any CPU.Build.0 = Release|Any CPU
	EndGlobalSection
	GlobalSection(SolutionProperties) = preSolution
		HideSolutionNode = FALSE
	EndGlobalSection
EndGlobal
